
Microsoft Visual Studio Solution File, Format Version 12.00
# Visual Studio Version 17
VisualStudioVersion = 17.7.34009.444
MinimumVisualStudioVersion = 10.0.40219.1
Project("{FAE04EC0-301F-11D3-BF4B-00C04F79EFBC}") = "IssueTrackerApi", "IssueTrackerApi\IssueTrackerApi.csproj", "{62C91DC8-B4C8-4DC8-B02C-9632F35C835C}"
EndProject
Global
	GlobalSection(SolutionConfigurationPlatforms) = preSolution
		Debug|Any CPU = Debug|Any CPU
		Release|Any CPU = Release|Any CPU
	EndGlobalSection
	GlobalSection(ProjectConfigurationPlatforms) = postSolution
		{62C91DC8-B4C8-4DC8-B02C-9632F35C835C}.Debug|Any CPU.ActiveCfg = Debug|Any CPU
		{62C91DC8-B4C8-4DC8-B02C-9632F35C835C}.Debug|Any CPU.Build.0 = Debug|Any CPU
		{62C91DC8-B4C8-4DC8-B02C-9632F35C835C}.Release|Any CPU.ActiveCfg = Release|Any CPU
		{62C91DC8-B4C8-4DC8-B02C-9632F35C835C}.Release|Any CPU.Build.0 = Release|Any CPU
	EndGlobalSection
	GlobalSection(SolutionProperties) = preSolution
		HideSolutionNode = FALSE
	EndGlobalSection
	GlobalSection(ExtensibilityGlobals) = postSolution
		SolutionGuid = {C92E8A03-A646-4BA0-A773-B8F4BC79287F}
	EndGlobalSection
EndGlobal
